
Microsoft Visual Studio Solution File, Format Version 12.00
# Visual Studio Version 17
VisualStudioVersion = 17.2.32630.192
MinimumVisualStudioVersion = 10.0.40219.1
Project("{2150E333-8FDC-42A3-9474-1A3956D46DE8}") = "ServerApps", "ServerApps", "{4AB7BC74-7A97-4456-9684-55E0B14C13B4}"
EndProject
Project("{2150E333-8FDC-42A3-9474-1A3956D46DE8}") = "Common", "Common", "{56156937-7172-41BF-8BA9-BDC17E6ED27C}"
EndProject
Project("{9A19103F-16F7-4668-BE54-9A1E7A4F7556}") = "SWI.SoftStock.ServerApps.WebApplicationServices", "src\SWI.SoftStock.ServerApps.WebApplicatinServices\SWI.SoftStock.ServerApps.WebApplicationServices.csproj", "{5B2F99B3-8AFA-429A-8CF5-355886300E29}"
EndProject
Project("{9A19103F-16F7-4668-BE54-9A1E7A4F7556}") = "SWI.SoftStock.ServerApps.WebApplicationModel", "src\SWI.SoftStock.ServerApps.WebApplicationModel\SWI.SoftStock.ServerApps.WebApplicationModel.csproj", "{A8D05A81-BFC4-4166-8733-08E9E9DCA76F}"
EndProject
Project("{9A19103F-16F7-4668-BE54-9A1E7A4F7556}") = "SWI.SoftStock.ServerApps.WebApplicationContracts", "src\SWI.SoftStock.ServerApps.WebApplicationContracts\SWI.SoftStock.ServerApps.WebApplicationContracts.csproj", "{CC5E0F93-22C8-46D6-A3E8-3C0BAD177DDF}"
EndProject
Project("{2150E333-8FDC-42A3-9474-1A3956D46DE8}") = "Tools", "Tools", "{D6A8C252-0CB4-48CE-B71E-63F5AB24ECBC}"
EndProject
Project("{2150E333-8FDC-42A3-9474-1A3956D46DE8}") = "Hosts", "Hosts", "{430EAE19-6747-49B9-B482-0F645F517222}"
EndProject
Project("{9A19103F-16F7-4668-BE54-9A1E7A4F7556}") = "SWI.SoftStock.WebApi", "src\SWI.SoftStock.WebApi\SWI.SoftStock.WebApi.csproj", "{B938EFC3-75C6-438E-BEB4-BB16A5986BC2}"
EndProject
Project("{9A19103F-16F7-4668-BE54-9A1E7A4F7556}") = "SWI.SoftStock.ServerApps.DataAccess.Common2", "src\SWI.SoftStock.ServerApps.DataAccess.Common2\SWI.SoftStock.ServerApps.DataAccess.Common2.csproj", "{B901C895-4BCD-463A-90E6-85C8BBB866C9}"
EndProject
Project("{9A19103F-16F7-4668-BE54-9A1E7A4F7556}") = "SWI.SoftStock.ServerApps.DataAccess2", "src\SWI.SoftStock.ServerApps.DataAccess2\SWI.SoftStock.ServerApps.DataAccess2.csproj", "{C3E5AC45-E6BC-452B-8DF0-9A830F15F8B3}"
EndProject
Project("{9A19103F-16F7-4668-BE54-9A1E7A4F7556}") = "SWI.SoftStock.ServerApps.DataModel2", "src\SWI.SoftStock.ServerApps.DataModel2\SWI.SoftStock.ServerApps.DataModel2.csproj", "{A5B218C2-FB49-431F-8BB1-F6013AA74379}"
EndProject
Project("{9A19103F-16F7-4668-BE54-9A1E7A4F7556}") = "SWI.SoftStock.WebApi.IIS2", "src\SWI.SoftStock.WebApi.IIS2\SWI.SoftStock.WebApi.IIS2.csproj", "{7D6C2B59-A0DC-49DD-9E5B-98B5B6072A19}"
EndProject
Project("{9A19103F-16F7-4668-BE54-9A1E7A4F7556}") = "SWI.SoftStock.ServerApps.MailSender", "src\SWI.SoftStock.ServerApps.MailSender\SWI.SoftStock.ServerApps.MailSender.csproj", "{B26A9688-1930-47CA-ABEF-44162E2D683E}"
EndProject
Project("{9A19103F-16F7-4668-BE54-9A1E7A4F7556}") = "SWI.SoftStock.Common.Dto2", "src\SWI.SoftStock.Common.Dto2\SWI.SoftStock.Common.Dto2.csproj", "{57135CAA-0982-4840-939D-F4178B105E4A}"
EndProject
Project("{2150E333-8FDC-42A3-9474-1A3956D46DE8}") = "Solution Items", "Solution Items", "{900E3244-D54F-44AE-99DB-1329BB915F35}"
	ProjectSection(SolutionItems) = preProject
		.gitignore = .gitignore
		Dockerfile = Dockerfile
		DockerfileDevelopment = DockerfileDevelopment
	EndProjectSection
EndProject
Project("{2150E333-8FDC-42A3-9474-1A3956D46DE8}") = "Tests", "Tests", "{294E4022-C266-437A-AFC2-53A4BCD27A8C}"
EndProject
Project("{9A19103F-16F7-4668-BE54-9A1E7A4F7556}") = "SWI.SoftStock.ServerApps.WebApplicationServices.Tests.Unit", "tests\SWI.SoftStock.ServerApps.WebApplicationServices.Tests\SWI.SoftStock.ServerApps.WebApplicationServices.Tests.Unit.csproj", "{B6B4A1AC-8652-40EF-A69B-76062C9B892F}"
EndProject
Global
	GlobalSection(SolutionConfigurationPlatforms) = preSolution
		beta.Release|Any CPU = beta.Release|Any CPU
		beta.Release|Mixed Platforms = beta.Release|Mixed Platforms
		beta.Release|x86 = beta.Release|x86
		Debug|Any CPU = Debug|Any CPU
		Debug|Mixed Platforms = Debug|Mixed Platforms
		Debug|x86 = Debug|x86
		Release|Any CPU = Release|Any CPU
		Release|Mixed Platforms = Release|Mixed Platforms
		Release|x86 = Release|x86
	EndGlobalSection
	GlobalSection(ProjectConfigurationPlatforms) = postSolution
		{5B2F99B3-8AFA-429A-8CF5-355886300E29}.beta.Release|Any CPU.ActiveCfg = Release|Any CPU
		{5B2F99B3-8AFA-429A-8CF5-355886300E29}.beta.Release|Any CPU.Build.0 = Release|Any CPU
		{5B2F99B3-8AFA-429A-8CF5-355886300E29}.beta.Release|Mixed Platforms.ActiveCfg = Release|Any CPU
		{5B2F99B3-8AFA-429A-8CF5-355886300E29}.beta.Release|Mixed Platforms.Build.0 = Release|Any CPU
		{5B2F99B3-8AFA-429A-8CF5-355886300E29}.beta.Release|x86.ActiveCfg = Release|Any CPU
		{5B2F99B3-8AFA-429A-8CF5-355886300E29}.beta.Release|x86.Build.0 = Release|Any CPU
		{5B2F99B3-8AFA-429A-8CF5-355886300E29}.Debug|Any CPU.ActiveCfg = Debug|Any CPU
		{5B2F99B3-8AFA-429A-8CF5-355886300E29}.Debug|Any CPU.Build.0 = Debug|Any CPU
		{5B2F99B3-8AFA-429A-8CF5-355886300E29}.Debug|Mixed Platforms.ActiveCfg = Debug|Any CPU
		{5B2F99B3-8AFA-429A-8CF5-355886300E29}.Debug|Mixed Platforms.Build.0 = Debug|Any CPU
		{5B2F99B3-8AFA-429A-8CF5-355886300E29}.Debug|x86.ActiveCfg = Debug|Any CPU
		{5B2F99B3-8AFA-429A-8CF5-355886300E29}.Release|Any CPU.ActiveCfg = Release|Any CPU
		{5B2F99B3-8AFA-429A-8CF5-355886300E29}.Release|Any CPU.Build.0 = Release|Any CPU
		{5B2F99B3-8AFA-429A-8CF5-355886300E29}.Release|Mixed Platforms.ActiveCfg = Release|Any CPU
		{5B2F99B3-8AFA-429A-8CF5-355886300E29}.Release|Mixed Platforms.Build.0 = Release|Any CPU
		{5B2F99B3-8AFA-429A-8CF5-355886300E29}.Release|x86.ActiveCfg = Release|Any CPU
		{A8D05A81-BFC4-4166-8733-08E9E9DCA76F}.beta.Release|Any CPU.ActiveCfg = Release|Any CPU
		{A8D05A81-BFC4-4166-8733-08E9E9DCA76F}.beta.Release|Any CPU.Build.0 = Release|Any CPU
		{A8D05A81-BFC4-4166-8733-08E9E9DCA76F}.beta.Release|Mixed Platforms.ActiveCfg = Release|Any CPU
		{A8D05A81-BFC4-4166-8733-08E9E9DCA76F}.beta.Release|Mixed Platforms.Build.0 = Release|Any CPU
		{A8D05A81-BFC4-4166-8733-08E9E9DCA76F}.beta.Release|x86.ActiveCfg = Release|Any CPU
		{A8D05A81-BFC4-4166-8733-08E9E9DCA76F}.beta.Release|x86.Build.0 = Release|Any CPU
		{A8D05A81-BFC4-4166-8733-08E9E9DCA76F}.Debug|Any CPU.ActiveCfg = Debug|Any CPU
		{A8D05A81-BFC4-4166-8733-08E9E9DCA76F}.Debug|Any CPU.Build.0 = Debug|Any CPU
		{A8D05A81-BFC4-4166-8733-08E9E9DCA76F}.Debug|Mixed Platforms.ActiveCfg = Debug|Any CPU
		{A8D05A81-BFC4-4166-8733-08E9E9DCA76F}.Debug|Mixed Platforms.Build.0 = Debug|Any CPU
		{A8D05A81-BFC4-4166-8733-08E9E9DCA76F}.Debug|x86.ActiveCfg = Debug|Any CPU
		{A8D05A81-BFC4-4166-8733-08E9E9DCA76F}.Release|Any CPU.ActiveCfg = Release|Any CPU
		{A8D05A81-BFC4-4166-8733-08E9E9DCA76F}.Release|Any CPU.Build.0 = Release|Any CPU
		{A8D05A81-BFC4-4166-8733-08E9E9DCA76F}.Release|Mixed Platforms.ActiveCfg = Release|Any CPU
		{A8D05A81-BFC4-4166-8733-08E9E9DCA76F}.Release|Mixed Platforms.Build.0 = Release|Any CPU
		{A8D05A81-BFC4-4166-8733-08E9E9DCA76F}.Release|x86.ActiveCfg = Release|Any CPU
		{CC5E0F93-22C8-46D6-A3E8-3C0BAD177DDF}.beta.Release|Any CPU.ActiveCfg = Release|Any CPU
		{CC5E0F93-22C8-46D6-A3E8-3C0BAD177DDF}.beta.Release|Any CPU.Build.0 = Release|Any CPU
		{CC5E0F93-22C8-46D6-A3E8-3C0BAD177DDF}.beta.Release|Mixed Platforms.ActiveCfg = Release|Any CPU
		{CC5E0F93-22C8-46D6-A3E8-3C0BAD177DDF}.beta.Release|Mixed Platforms.Build.0 = Release|Any CPU
		{CC5E0F93-22C8-46D6-A3E8-3C0BAD177DDF}.beta.Release|x86.ActiveCfg = Release|Any CPU
		{CC5E0F93-22C8-46D6-A3E8-3C0BAD177DDF}.Debug|Any CPU.ActiveCfg = Debug|Any CPU
		{CC5E0F93-22C8-46D6-A3E8-3C0BAD177DDF}.Debug|Any CPU.Build.0 = Debug|Any CPU
		{CC5E0F93-22C8-46D6-A3E8-3C0BAD177DDF}.Debug|Mixed Platforms.ActiveCfg = Debug|Any CPU
		{CC5E0F93-22C8-46D6-A3E8-3C0BAD177DDF}.Debug|Mixed Platforms.Build.0 = Debug|Any CPU
		{CC5E0F93-22C8-46D6-A3E8-3C0BAD177DDF}.Debug|x86.ActiveCfg = Debug|Any CPU
		{CC5E0F93-22C8-46D6-A3E8-3C0BAD177DDF}.Release|Any CPU.ActiveCfg = Release|Any CPU
		{CC5E0F93-22C8-46D6-A3E8-3C0BAD177DDF}.Release|Any CPU.Build.0 = Release|Any CPU
		{CC5E0F93-22C8-46D6-A3E8-3C0BAD177DDF}.Release|Mixed Platforms.ActiveCfg = Release|Any CPU
		{CC5E0F93-22C8-46D6-A3E8-3C0BAD177DDF}.Release|Mixed Platforms.Build.0 = Release|Any CPU
		{CC5E0F93-22C8-46D6-A3E8-3C0BAD177DDF}.Release|x86.ActiveCfg = Release|Any CPU
		{B938EFC3-75C6-438E-BEB4-BB16A5986BC2}.beta.Release|Any CPU.ActiveCfg = Release|Any CPU
		{B938EFC3-75C6-438E-BEB4-BB16A5986BC2}.beta.Release|Any CPU.Build.0 = Release|Any CPU
		{B938EFC3-75C6-438E-BEB4-BB16A5986BC2}.beta.Release|Mixed Platforms.ActiveCfg = Release|Any CPU
		{B938EFC3-75C6-438E-BEB4-BB16A5986BC2}.beta.Release|Mixed Platforms.Build.0 = Release|Any CPU
		{B938EFC3-75C6-438E-BEB4-BB16A5986BC2}.beta.Release|x86.ActiveCfg = Release|Any CPU
		{B938EFC3-75C6-438E-BEB4-BB16A5986BC2}.beta.Release|x86.Build.0 = Release|Any CPU
		{B938EFC3-75C6-438E-BEB4-BB16A5986BC2}.Debug|Any CPU.ActiveCfg = Debug|Any CPU
		{B938EFC3-75C6-438E-BEB4-BB16A5986BC2}.Debug|Any CPU.Build.0 = Debug|Any CPU
		{B938EFC3-75C6-438E-BEB4-BB16A5986BC2}.Debug|Mixed Platforms.ActiveCfg = Debug|Any CPU
		{B938EFC3-75C6-438E-BEB4-BB16A5986BC2}.Debug|Mixed Platforms.Build.0 = Debug|Any CPU
		{B938EFC3-75C6-438E-BEB4-BB16A5986BC2}.Debug|x86.ActiveCfg = Debug|Any CPU
		{B938EFC3-75C6-438E-BEB4-BB16A5986BC2}.Debug|x86.Build.0 = Debug|Any CPU
		{B938EFC3-75C6-438E-BEB4-BB16A5986BC2}.Release|Any CPU.ActiveCfg = Release|Any CPU
		{B938EFC3-75C6-438E-BEB4-BB16A5986BC2}.Release|Any CPU.Build.0 = Release|Any CPU
		{B938EFC3-75C6-438E-BEB4-BB16A5986BC2}.Release|Mixed Platforms.ActiveCfg = Release|Any CPU
		{B938EFC3-75C6-438E-BEB4-BB16A5986BC2}.Release|Mixed Platforms.Build.0 = Release|Any CPU
		{B938EFC3-75C6-438E-BEB4-BB16A5986BC2}.Release|x86.ActiveCfg = Release|Any CPU
		{B938EFC3-75C6-438E-BEB4-BB16A5986BC2}.Release|x86.Build.0 = Release|Any CPU
		{B901C895-4BCD-463A-90E6-85C8BBB866C9}.beta.Release|Any CPU.ActiveCfg = Release|Any CPU
		{B901C895-4BCD-463A-90E6-85C8BBB866C9}.beta.Release|Any CPU.Build.0 = Release|Any CPU
		{B901C895-4BCD-463A-90E6-85C8BBB866C9}.beta.Release|Mixed Platforms.ActiveCfg = Release|Any CPU
		{B901C895-4BCD-463A-90E6-85C8BBB866C9}.beta.Release|Mixed Platforms.Build.0 = Release|Any CPU
		{B901C895-4BCD-463A-90E6-85C8BBB866C9}.beta.Release|x86.ActiveCfg = Release|Any CPU
		{B901C895-4BCD-463A-90E6-85C8BBB866C9}.beta.Release|x86.Build.0 = Release|Any CPU
		{B901C895-4BCD-463A-90E6-85C8BBB866C9}.Debug|Any CPU.ActiveCfg = Debug|Any CPU
		{B901C895-4BCD-463A-90E6-85C8BBB866C9}.Debug|Any CPU.Build.0 = Debug|Any CPU
		{B901C895-4BCD-463A-90E6-85C8BBB866C9}.Debug|Mixed Platforms.ActiveCfg = Debug|Any CPU
		{B901C895-4BCD-463A-90E6-85C8BBB866C9}.Debug|Mixed Platforms.Build.0 = Debug|Any CPU
		{B901C895-4BCD-463A-90E6-85C8BBB866C9}.Debug|x86.ActiveCfg = Debug|Any CPU
		{B901C895-4BCD-463A-90E6-85C8BBB866C9}.Debug|x86.Build.0 = Debug|Any CPU
		{B901C895-4BCD-463A-90E6-85C8BBB866C9}.Release|Any CPU.ActiveCfg = Release|Any CPU
		{B901C895-4BCD-463A-90E6-85C8BBB866C9}.Release|Any CPU.Build.0 = Release|Any CPU
		{B901C895-4BCD-463A-90E6-85C8BBB866C9}.Release|Mixed Platforms.ActiveCfg = Release|Any CPU
		{B901C895-4BCD-463A-90E6-85C8BBB866C9}.Release|Mixed Platforms.Build.0 = Release|Any CPU
		{B901C895-4BCD-463A-90E6-85C8BBB866C9}.Release|x86.ActiveCfg = Release|Any CPU
		{B901C895-4BCD-463A-90E6-85C8BBB866C9}.Release|x86.Build.0 = Release|Any CPU
		{C3E5AC45-E6BC-452B-8DF0-9A830F15F8B3}.beta.Release|Any CPU.ActiveCfg = Release|Any CPU
		{C3E5AC45-E6BC-452B-8DF0-9A830F15F8B3}.beta.Release|Any CPU.Build.0 = Release|Any CPU
		{C3E5AC45-E6BC-452B-8DF0-9A830F15F8B3}.beta.Release|Mixed Platforms.ActiveCfg = Release|Any CPU
		{C3E5AC45-E6BC-452B-8DF0-9A830F15F8B3}.beta.Release|Mixed Platforms.Build.0 = Release|Any CPU
		{C3E5AC45-E6BC-452B-8DF0-9A830F15F8B3}.beta.Release|x86.ActiveCfg = Release|Any CPU
		{C3E5AC45-E6BC-452B-8DF0-9A830F15F8B3}.beta.Release|x86.Build.0 = Release|Any CPU
		{C3E5AC45-E6BC-452B-8DF0-9A830F15F8B3}.Debug|Any CPU.ActiveCfg = Debug|Any CPU
		{C3E5AC45-E6BC-452B-8DF0-9A830F15F8B3}.Debug|Any CPU.Build.0 = Debug|Any CPU
		{C3E5AC45-E6BC-452B-8DF0-9A830F15F8B3}.Debug|Mixed Platforms.ActiveCfg = Debug|Any CPU
		{C3E5AC45-E6BC-452B-8DF0-9A830F15F8B3}.Debug|Mixed Platforms.Build.0 = Debug|Any CPU
		{C3E5AC45-E6BC-452B-8DF0-9A830F15F8B3}.Debug|x86.ActiveCfg = Debug|Any CPU
		{C3E5AC45-E6BC-452B-8DF0-9A830F15F8B3}.Debug|x86.Build.0 = Debug|Any CPU
		{C3E5AC45-E6BC-452B-8DF0-9A830F15F8B3}.Release|Any CPU.ActiveCfg = Release|Any CPU
		{C3E5AC45-E6BC-452B-8DF0-9A830F15F8B3}.Release|Any CPU.Build.0 = Release|Any CPU
		{C3E5AC45-E6BC-452B-8DF0-9A830F15F8B3}.Release|Mixed Platforms.ActiveCfg = Release|Any CPU
		{C3E5AC45-E6BC-452B-8DF0-9A830F15F8B3}.Release|Mixed Platforms.Build.0 = Release|Any CPU
		{C3E5AC45-E6BC-452B-8DF0-9A830F15F8B3}.Release|x86.ActiveCfg = Release|Any CPU
		{C3E5AC45-E6BC-452B-8DF0-9A830F15F8B3}.Release|x86.Build.0 = Release|Any CPU
		{A5B218C2-FB49-431F-8BB1-F6013AA74379}.beta.Release|Any CPU.ActiveCfg = Release|Any CPU
		{A5B218C2-FB49-431F-8BB1-F6013AA74379}.beta.Release|Any CPU.Build.0 = Release|Any CPU
		{A5B218C2-FB49-431F-8BB1-F6013AA74379}.beta.Release|Mixed Platforms.ActiveCfg = Release|Any CPU
		{A5B218C2-FB49-431F-8BB1-F6013AA74379}.beta.Release|Mixed Platforms.Build.0 = Release|Any CPU
		{A5B218C2-FB49-431F-8BB1-F6013AA74379}.beta.Release|x86.ActiveCfg = Release|Any CPU
		{A5B218C2-FB49-431F-8BB1-F6013AA74379}.beta.Release|x86.Build.0 = Release|Any CPU
		{A5B218C2-FB49-431F-8BB1-F6013AA74379}.Debug|Any CPU.ActiveCfg = Debug|Any CPU
		{A5B218C2-FB49-431F-8BB1-F6013AA74379}.Debug|Any CPU.Build.0 = Debug|Any CPU
		{A5B218C2-FB49-431F-8BB1-F6013AA74379}.Debug|Mixed Platforms.ActiveCfg = Debug|Any CPU
		{A5B218C2-FB49-431F-8BB1-F6013AA74379}.Debug|Mixed Platforms.Build.0 = Debug|Any CPU
		{A5B218C2-FB49-431F-8BB1-F6013AA74379}.Debug|x86.ActiveCfg = Debug|Any CPU
		{A5B218C2-FB49-431F-8BB1-F6013AA74379}.Debug|x86.Build.0 = Debug|Any CPU
		{A5B218C2-FB49-431F-8BB1-F6013AA74379}.Release|Any CPU.ActiveCfg = Release|Any CPU
		{A5B218C2-FB49-431F-8BB1-F6013AA74379}.Release|Any CPU.Build.0 = Release|Any CPU
		{A5B218C2-FB49-431F-8BB1-F6013AA74379}.Release|Mixed Platforms.ActiveCfg = Release|Any CPU
		{A5B218C2-FB49-431F-8BB1-F6013AA74379}.Release|Mixed Platforms.Build.0 = Release|Any CPU
		{A5B218C2-FB49-431F-8BB1-F6013AA74379}.Release|x86.ActiveCfg = Release|Any CPU
		{A5B218C2-FB49-431F-8BB1-F6013AA74379}.Release|x86.Build.0 = Release|Any CPU
		{7D6C2B59-A0DC-49DD-9E5B-98B5B6072A19}.beta.Release|Any CPU.ActiveCfg = Release|Any CPU
		{7D6C2B59-A0DC-49DD-9E5B-98B5B6072A19}.beta.Release|Any CPU.Build.0 = Release|Any CPU
		{7D6C2B59-A0DC-49DD-9E5B-98B5B6072A19}.beta.Release|Mixed Platforms.ActiveCfg = Release|Any CPU
		{7D6C2B59-A0DC-49DD-9E5B-98B5B6072A19}.beta.Release|Mixed Platforms.Build.0 = Release|Any CPU
		{7D6C2B59-A0DC-49DD-9E5B-98B5B6072A19}.beta.Release|x86.ActiveCfg = Release|Any CPU
		{7D6C2B59-A0DC-49DD-9E5B-98B5B6072A19}.beta.Release|x86.Build.0 = Release|Any CPU
		{7D6C2B59-A0DC-49DD-9E5B-98B5B6072A19}.Debug|Any CPU.ActiveCfg = Debug|Any CPU
		{7D6C2B59-A0DC-49DD-9E5B-98B5B6072A19}.Debug|Any CPU.Build.0 = Debug|Any CPU
		{7D6C2B59-A0DC-49DD-9E5B-98B5B6072A19}.Debug|Mixed Platforms.ActiveCfg = Debug|Any CPU
		{7D6C2B59-A0DC-49DD-9E5B-98B5B6072A19}.Debug|Mixed Platforms.Build.0 = Debug|Any CPU
		{7D6C2B59-A0DC-49DD-9E5B-98B5B6072A19}.Debug|x86.ActiveCfg = Debug|Any CPU
		{7D6C2B59-A0DC-49DD-9E5B-98B5B6072A19}.Debug|x86.Build.0 = Debug|Any CPU
		{7D6C2B59-A0DC-49DD-9E5B-98B5B6072A19}.Release|Any CPU.ActiveCfg = Release|Any CPU
		{7D6C2B59-A0DC-49DD-9E5B-98B5B6072A19}.Release|Any CPU.Build.0 = Release|Any CPU
		{7D6C2B59-A0DC-49DD-9E5B-98B5B6072A19}.Release|Mixed Platforms.ActiveCfg = Release|Any CPU
		{7D6C2B59-A0DC-49DD-9E5B-98B5B6072A19}.Release|Mixed Platforms.Build.0 = Release|Any CPU
		{7D6C2B59-A0DC-49DD-9E5B-98B5B6072A19}.Release|x86.ActiveCfg = Release|Any CPU
		{7D6C2B59-A0DC-49DD-9E5B-98B5B6072A19}.Release|x86.Build.0 = Release|Any CPU
		{B26A9688-1930-47CA-ABEF-44162E2D683E}.beta.Release|Any CPU.ActiveCfg = Release|Any CPU
		{B26A9688-1930-47CA-ABEF-44162E2D683E}.beta.Release|Any CPU.Build.0 = Release|Any CPU
		{B26A9688-1930-47CA-ABEF-44162E2D683E}.beta.Release|Mixed Platforms.ActiveCfg = Release|Any CPU
		{B26A9688-1930-47CA-ABEF-44162E2D683E}.beta.Release|Mixed Platforms.Build.0 = Release|Any CPU
		{B26A9688-1930-47CA-ABEF-44162E2D683E}.beta.Release|x86.ActiveCfg = Release|Any CPU
		{B26A9688-1930-47CA-ABEF-44162E2D683E}.beta.Release|x86.Build.0 = Release|Any CPU
		{B26A9688-1930-47CA-ABEF-44162E2D683E}.Debug|Any CPU.ActiveCfg = Debug|Any CPU
		{B26A9688-1930-47CA-ABEF-44162E2D683E}.Debug|Any CPU.Build.0 = Debug|Any CPU
		{B26A9688-1930-47CA-ABEF-44162E2D683E}.Debug|Mixed Platforms.ActiveCfg = Debug|Any CPU
		{B26A9688-1930-47CA-ABEF-44162E2D683E}.Debug|Mixed Platforms.Build.0 = Debug|Any CPU
		{B26A9688-1930-47CA-ABEF-44162E2D683E}.Debug|x86.ActiveCfg = Debug|Any CPU
		{B26A9688-1930-47CA-ABEF-44162E2D683E}.Debug|x86.Build.0 = Debug|Any CPU
		{B26A9688-1930-47CA-ABEF-44162E2D683E}.Release|Any CPU.ActiveCfg = Release|Any CPU
		{B26A9688-1930-47CA-ABEF-44162E2D683E}.Release|Any CPU.Build.0 = Release|Any CPU
		{B26A9688-1930-47CA-ABEF-44162E2D683E}.Release|Mixed Platforms.ActiveCfg = Release|Any CPU
		{B26A9688-1930-47CA-ABEF-44162E2D683E}.Release|Mixed Platforms.Build.0 = Release|Any CPU
		{B26A9688-1930-47CA-ABEF-44162E2D683E}.Release|x86.ActiveCfg = Release|Any CPU
		{B26A9688-1930-47CA-ABEF-44162E2D683E}.Release|x86.Build.0 = Release|Any CPU
		{57135CAA-0982-4840-939D-F4178B105E4A}.beta.Release|Any CPU.ActiveCfg = Release|Any CPU
		{57135CAA-0982-4840-939D-F4178B105E4A}.beta.Release|Any CPU.Build.0 = Release|Any CPU
		{57135CAA-0982-4840-939D-F4178B105E4A}.beta.Release|Mixed Platforms.ActiveCfg = Release|Any CPU
		{57135CAA-0982-4840-939D-F4178B105E4A}.beta.Release|Mixed Platforms.Build.0 = Release|Any CPU
		{57135CAA-0982-4840-939D-F4178B105E4A}.beta.Release|x86.ActiveCfg = Release|Any CPU
		{57135CAA-0982-4840-939D-F4178B105E4A}.beta.Release|x86.Build.0 = Release|Any CPU
		{57135CAA-0982-4840-939D-F4178B105E4A}.Debug|Any CPU.ActiveCfg = Debug|Any CPU
		{57135CAA-0982-4840-939D-F4178B105E4A}.Debug|Any CPU.Build.0 = Debug|Any CPU
		{57135CAA-0982-4840-939D-F4178B105E4A}.Debug|Mixed Platforms.ActiveCfg = Debug|Any CPU
		{57135CAA-0982-4840-939D-F4178B105E4A}.Debug|Mixed Platforms.Build.0 = Debug|Any CPU
		{57135CAA-0982-4840-939D-F4178B105E4A}.Debug|x86.ActiveCfg = Debug|Any CPU
		{57135CAA-0982-4840-939D-F4178B105E4A}.Debug|x86.Build.0 = Debug|Any CPU
		{57135CAA-0982-4840-939D-F4178B105E4A}.Release|Any CPU.ActiveCfg = Release|Any CPU
		{57135CAA-0982-4840-939D-F4178B105E4A}.Release|Any CPU.Build.0 = Release|Any CPU
		{57135CAA-0982-4840-939D-F4178B105E4A}.Release|Mixed Platforms.ActiveCfg = Release|Any CPU
		{57135CAA-0982-4840-939D-F4178B105E4A}.Release|Mixed Platforms.Build.0 = Release|Any CPU
		{57135CAA-0982-4840-939D-F4178B105E4A}.Release|x86.ActiveCfg = Release|Any CPU
		{57135CAA-0982-4840-939D-F4178B105E4A}.Release|x86.Build.0 = Release|Any CPU
		{B6B4A1AC-8652-40EF-A69B-76062C9B892F}.beta.Release|Any CPU.ActiveCfg = Release|Any CPU
		{B6B4A1AC-8652-40EF-A69B-76062C9B892F}.beta.Release|Any CPU.Build.0 = Release|Any CPU
		{B6B4A1AC-8652-40EF-A69B-76062C9B892F}.beta.Release|Mixed Platforms.ActiveCfg = Release|Any CPU
		{B6B4A1AC-8652-40EF-A69B-76062C9B892F}.beta.Release|Mixed Platforms.Build.0 = Release|Any CPU
		{B6B4A1AC-8652-40EF-A69B-76062C9B892F}.beta.Release|x86.ActiveCfg = Release|Any CPU
		{B6B4A1AC-8652-40EF-A69B-76062C9B892F}.beta.Release|x86.Build.0 = Release|Any CPU
		{B6B4A1AC-8652-40EF-A69B-76062C9B892F}.Debug|Any CPU.ActiveCfg = Debug|Any CPU
		{B6B4A1AC-8652-40EF-A69B-76062C9B892F}.Debug|Any CPU.Build.0 = Debug|Any CPU
		{B6B4A1AC-8652-40EF-A69B-76062C9B892F}.Debug|Mixed Platforms.ActiveCfg = Debug|Any CPU
		{B6B4A1AC-8652-40EF-A69B-76062C9B892F}.Debug|Mixed Platforms.Build.0 = Debug|Any CPU
		{B6B4A1AC-8652-40EF-A69B-76062C9B892F}.Debug|x86.ActiveCfg = Debug|Any CPU
		{B6B4A1AC-8652-40EF-A69B-76062C9B892F}.Debug|x86.Build.0 = Debug|Any CPU
		{B6B4A1AC-8652-40EF-A69B-76062C9B892F}.Release|Any CPU.ActiveCfg = Release|Any CPU
		{B6B4A1AC-8652-40EF-A69B-76062C9B892F}.Release|Any CPU.Build.0 = Release|Any CPU
		{B6B4A1AC-8652-40EF-A69B-76062C9B892F}.Release|Mixed Platforms.ActiveCfg = Release|Any CPU
		{B6B4A1AC-8652-40EF-A69B-76062C9B892F}.Release|Mixed Platforms.Build.0 = Release|Any CPU
		{B6B4A1AC-8652-40EF-A69B-76062C9B892F}.Release|x86.ActiveCfg = Release|Any CPU
		{B6B4A1AC-8652-40EF-A69B-76062C9B892F}.Release|x86.Build.0 = Release|Any CPU
	EndGlobalSection
	GlobalSection(SolutionProperties) = preSolution
		HideSolutionNode = FALSE
	EndGlobalSection
	GlobalSection(NestedProjects) = preSolution
		{5B2F99B3-8AFA-429A-8CF5-355886300E29} = {4AB7BC74-7A97-4456-9684-55E0B14C13B4}
		{A8D05A81-BFC4-4166-8733-08E9E9DCA76F} = {4AB7BC74-7A97-4456-9684-55E0B14C13B4}
		{CC5E0F93-22C8-46D6-A3E8-3C0BAD177DDF} = {4AB7BC74-7A97-4456-9684-55E0B14C13B4}
		{D6A8C252-0CB4-48CE-B71E-63F5AB24ECBC} = {4AB7BC74-7A97-4456-9684-55E0B14C13B4}
		{B938EFC3-75C6-438E-BEB4-BB16A5986BC2} = {4AB7BC74-7A97-4456-9684-55E0B14C13B4}
		{B901C895-4BCD-463A-90E6-85C8BBB866C9} = {4AB7BC74-7A97-4456-9684-55E0B14C13B4}
		{C3E5AC45-E6BC-452B-8DF0-9A830F15F8B3} = {4AB7BC74-7A97-4456-9684-55E0B14C13B4}
		{A5B218C2-FB49-431F-8BB1-F6013AA74379} = {4AB7BC74-7A97-4456-9684-55E0B14C13B4}
		{7D6C2B59-A0DC-49DD-9E5B-98B5B6072A19} = {430EAE19-6747-49B9-B482-0F645F517222}
		{B26A9688-1930-47CA-ABEF-44162E2D683E} = {D6A8C252-0CB4-48CE-B71E-63F5AB24ECBC}
		{57135CAA-0982-4840-939D-F4178B105E4A} = {56156937-7172-41BF-8BA9-BDC17E6ED27C}
		{B6B4A1AC-8652-40EF-A69B-76062C9B892F} = {294E4022-C266-437A-AFC2-53A4BCD27A8C}
	EndGlobalSection
	GlobalSection(ExtensibilityGlobals) = postSolution
		EnterpriseLibraryConfigurationToolBinariesPath = packages\Unity.2.1.505.2\lib\NET35;packages\Unity.Interception.2.1.505.2\lib\NET35;packages\EnterpriseLibrary.Common.5.0.505.0\lib\NET35;packages\EnterpriseLibrary.Logging.5.0.505.1\lib\NET35
		SolutionGuid = {3E8A43FF-B381-4FC8-A778-8D5FC6E783C2}
	EndGlobalSection
	GlobalSection(TestCaseManagementSettings) = postSolution
		CategoryFile = SoftStock.vsmdi
	EndGlobalSection
EndGlobal
